// !$*UTF8*$!
{
	archiveVersion = 1;
	classes = {
	};
	objectVersion = 50;
	objects = {

/* Begin PBXBuildFile section */
		DAE651FF217A7053001E6A16 /* AppDelegate.swift in Sources */ = {isa = PBXBuildFile; fileRef = DAE651FE217A7053001E6A16 /* AppDelegate.swift */; };
		DAE65201217A7053001E6A16 /* ServerViewController.swift in Sources */ = {isa = PBXBuildFile; fileRef = DAE65200217A7053001E6A16 /* ServerViewController.swift */; };
		DAE65204217A7053001E6A16 /* Main.storyboard in Resources */ = {isa = PBXBuildFile; fileRef = DAE65202217A7053001E6A16 /* Main.storyboard */; };
		DAE65206217A7055001E6A16 /* Assets.xcassets in Resources */ = {isa = PBXBuildFile; fileRef = DAE65205217A7055001E6A16 /* Assets.xcassets */; };
		DAE65209217A7055001E6A16 /* LaunchScreen.storyboard in Resources */ = {isa = PBXBuildFile; fileRef = DAE65207217A7055001E6A16 /* LaunchScreen.storyboard */; };
		DAE65214217B8BE2001E6A16 /* ServerState.swift in Sources */ = {isa = PBXBuildFile; fileRef = DAE65213217B8BE2001E6A16 /* ServerState.swift */; };
		DAE65217217B8FF2001E6A16 /* API.swift in Sources */ = {isa = PBXBuildFile; fileRef = DAE65216217B8FF2001E6A16 /* API.swift */; };
		DAE65219217B9A48001E6A16 /* Default-568h@2x.png in Resources */ = {isa = PBXBuildFile; fileRef = DAE65218217B9A48001E6A16 /* Default-568h@2x.png */; };
		DAE6521B217D0C80001E6A16 /* CustomTableViewCell.swift in Sources */ = {isa = PBXBuildFile; fileRef = DAE6521A217D0C80001E6A16 /* CustomTableViewCell.swift */; };
		DAE6521E217D0CEB001E6A16 /* CustomTableViewCell.xib in Resources */ = {isa = PBXBuildFile; fileRef = DAE6521D217D0CEB001E6A16 /* CustomTableViewCell.xib */; };
/* End PBXBuildFile section */

/* Begin PBXFileReference section */
		DAE651FB217A7053001E6A16 /* CloudConnect.app */ = {isa = PBXFileReference; explicitFileType = wrapper.application; includeInIndex = 0; path = CloudConnect.app; sourceTree = BUILT_PRODUCTS_DIR; };
		DAE651FE217A7053001E6A16 /* AppDelegate.swift */ = {isa = PBXFileReference; lastKnownFileType = sourcecode.swift; path = AppDelegate.swift; sourceTree = "<group>"; };
		DAE65200217A7053001E6A16 /* ServerViewController.swift */ = {isa = PBXFileReference; lastKnownFileType = sourcecode.swift; path = ServerViewController.swift; sourceTree = "<group>"; };
		DAE65203217A7053001E6A16 /* Base */ = {isa = PBXFileReference; lastKnownFileType = file.storyboard; name = Base; path = Base.lproj/Main.storyboard; sourceTree = "<group>"; };
		DAE65205217A7055001E6A16 /* Assets.xcassets */ = {isa = PBXFileReference; lastKnownFileType = folder.assetcatalog; path = Assets.xcassets; sourceTree = "<group>"; };
		DAE65208217A7055001E6A16 /* Base */ = {isa = PBXFileReference; lastKnownFileType = file.storyboard; name = Base; path = Base.lproj/LaunchScreen.storyboard; sourceTree = "<group>"; };
		DAE6520A217A7055001E6A16 /* Info.plist */ = {isa = PBXFileReference; lastKnownFileType = text.plist.xml; path = Info.plist; sourceTree = "<group>"; };
		DAE65213217B8BE2001E6A16 /* ServerState.swift */ = {isa = PBXFileReference; lastKnownFileType = sourcecode.swift; path = ServerState.swift; sourceTree = "<group>"; };
		DAE65216217B8FF2001E6A16 /* API.swift */ = {isa = PBXFileReference; lastKnownFileType = sourcecode.swift; path = API.swift; sourceTree = "<group>"; };
		DAE65218217B9A48001E6A16 /* Default-568h@2x.png */ = {isa = PBXFileReference; lastKnownFileType = image.png; path = "Default-568h@2x.png"; sourceTree = "<group>"; };
		DAE6521A217D0C80001E6A16 /* CustomTableViewCell.swift */ = {isa = PBXFileReference; lastKnownFileType = sourcecode.swift; path = CustomTableViewCell.swift; sourceTree = "<group>"; };
		DAE6521D217D0CEB001E6A16 /* CustomTableViewCell.xib */ = {isa = PBXFileReference; lastKnownFileType = file.xib; path = CustomTableViewCell.xib; sourceTree = "<group>"; };
/* End PBXFileReference section */

/* Begin PBXFrameworksBuildPhase section */
		DAE651F8217A7053001E6A16 /* Frameworks */ = {
			isa = PBXFrameworksBuildPhase;
			buildActionMask = 2147483647;
			files = (
			);
			runOnlyForDeploymentPostprocessing = 0;
		};
/* End PBXFrameworksBuildPhase section */

/* Begin PBXGroup section */
		DAE651F2217A7053001E6A16 = {
			isa = PBXGroup;
			children = (
				DAE65218217B9A48001E6A16 /* Default-568h@2x.png */,
				DAE651FD217A7053001E6A16 /* CloudConnect */,
				DAE651FC217A7053001E6A16 /* Products */,
			);
			sourceTree = "<group>";
		};
		DAE651FC217A7053001E6A16 /* Products */ = {
			isa = PBXGroup;
			children = (
				DAE651FB217A7053001E6A16 /* CloudConnect.app */,
			);
			name = Products;
			sourceTree = "<group>";
		};
		DAE651FD217A7053001E6A16 /* CloudConnect */ = {
			isa = PBXGroup;
			children = (
				DAE65205217A7055001E6A16 /* Assets.xcassets */,
				DAE6520A217A7055001E6A16 /* Info.plist */,
				DAE651FE217A7053001E6A16 /* AppDelegate.swift */,
				DAE65215217B8FAF001E6A16 /* Service */,
				DAE65210217A7E7A001E6A16 /* Model */,
				DAE65211217A7E83001E6A16 /* View */,
				DAE65212217A7EE1001E6A16 /* Controller */,
			);
			path = CloudConnect;
			sourceTree = "<group>";
		};
		DAE65210217A7E7A001E6A16 /* Model */ = {
			isa = PBXGroup;
			children = (
				DAE65213217B8BE2001E6A16 /* ServerState.swift */,
			);
			path = Model;
			sourceTree = "<group>";
		};
		DAE65211217A7E83001E6A16 /* View */ = {
			isa = PBXGroup;
			children = (
				DAE65202217A7053001E6A16 /* Main.storyboard */,
				DAE65207217A7055001E6A16 /* LaunchScreen.storyboard */,
				DAE6521C217D0C88001E6A16 /* Tableview Cell */,
			);
			path = View;
			sourceTree = "<group>";
		};
		DAE65212217A7EE1001E6A16 /* Controller */ = {
			isa = PBXGroup;
			children = (
				DAE65200217A7053001E6A16 /* ServerViewController.swift */,
			);
			path = Controller;
			sourceTree = "<group>";
		};
		DAE65215217B8FAF001E6A16 /* Service */ = {
			isa = PBXGroup;
			children = (
				DAE65216217B8FF2001E6A16 /* API.swift */,
			);
			path = Service;
			sourceTree = "<group>";
		};
		DAE6521C217D0C88001E6A16 /* Tableview Cell */ = {
			isa = PBXGroup;
			children = (
				DAE6521A217D0C80001E6A16 /* CustomTableViewCell.swift */,
				DAE6521D217D0CEB001E6A16 /* CustomTableViewCell.xib */,
			);
			path = "Tableview Cell";
			sourceTree = "<group>";
		};
/* End PBXGroup section */

/* Begin PBXNativeTarget section */
		DAE651FA217A7053001E6A16 /* CloudConnect */ = {
			isa = PBXNativeTarget;
			buildConfigurationList = DAE6520D217A7055001E6A16 /* Build configuration list for PBXNativeTarget "CloudConnect" */;
			buildPhases = (
				DAE651F7217A7053001E6A16 /* Sources */,
				DAE651F8217A7053001E6A16 /* Frameworks */,
				DAE651F9217A7053001E6A16 /* Resources */,
			);
			buildRules = (
			);
			dependencies = (
			);
			name = CloudConnect;
			productName = CloudConnect;
			productReference = DAE651FB217A7053001E6A16 /* CloudConnect.app */;
			productType = "com.apple.product-type.application";
		};
/* End PBXNativeTarget section */

/* Begin PBXProject section */
		DAE651F3217A7053001E6A16 /* Project object */ = {
			isa = PBXProject;
			attributes = {
				LastSwiftUpdateCheck = 1000;
				LastUpgradeCheck = 1000;
				ORGANIZATIONNAME = Paul;
				TargetAttributes = {
					DAE651FA217A7053001E6A16 = {
						CreatedOnToolsVersion = 10.0;
					};
				};
			};
			buildConfigurationList = DAE651F6217A7053001E6A16 /* Build configuration list for PBXProject "CloudConnect" */;
			compatibilityVersion = "Xcode 9.3";
			developmentRegion = en;
			hasScannedForEncodings = 0;
			knownRegions = (
				en,
				Base,
			);
			mainGroup = DAE651F2217A7053001E6A16;
			productRefGroup = DAE651FC217A7053001E6A16 /* Products */;
			projectDirPath = "";
			projectRoot = "";
			targets = (
				DAE651FA217A7053001E6A16 /* CloudConnect */,
			);
		};
/* End PBXProject section */

/* Begin PBXResourcesBuildPhase section */
		DAE651F9217A7053001E6A16 /* Resources */ = {
			isa = PBXResourcesBuildPhase;
			buildActionMask = 2147483647;
			files = (
				DAE65209217A7055001E6A16 /* LaunchScreen.storyboard in Resources */,
				DAE65219217B9A48001E6A16 /* Default-568h@2x.png in Resources */,
				DAE65206217A7055001E6A16 /* Assets.xcassets in Resources */,
				DAE6521E217D0CEB001E6A16 /* CustomTableViewCell.xib in Resources */,
				DAE65204217A7053001E6A16 /* Main.storyboard in Resources */,
			);
			runOnlyForDeploymentPostprocessing = 0;
		};
/* End PBXResourcesBuildPhase section */

/* Begin PBXSourcesBuildPhase section */
		DAE651F7217A7053001E6A16 /* Sources */ = {
			isa = PBXSourcesBuildPhase;
			buildActionMask = 2147483647;
			files = (
				DAE65201217A7053001E6A16 /* ServerViewController.swift in Sources */,
				DAE6521B217D0C80001E6A16 /* CustomTableViewCell.swift in Sources */,
				DAE65214217B8BE2001E6A16 /* ServerState.swift in Sources */,
				DAE65217217B8FF2001E6A16 /* API.swift in Sources */,
				DAE651FF217A7053001E6A16 /* AppDelegate.swift in Sources */,
			);
			runOnlyForDeploymentPostprocessing = 0;
		};
/* End PBXSourcesBuildPhase section */

/* Begin PBXVariantGroup section */
		DAE65202217A7053001E6A16 /* Main.storyboard */ = {
			isa = PBXVariantGroup;
			children = (
				DAE65203217A7053001E6A16 /* Base */,
			);
			name = Main.storyboard;
			sourceTree = "<group>";
		};
		DAE65207217A7055001E6A16 /* LaunchScreen.storyboard */ = {
			isa = PBXVariantGroup;
			children = (
				DAE65208217A7055001E6A16 /* Base */,
			);
			name = LaunchScreen.storyboard;
			sourceTree = "<group>";
		};
/* End PBXVariantGroup section */

/* Begin XCBuildConfiguration section */
		DAE6520B217A7055001E6A16 /* Debug */ = {
			isa = XCBuildConfiguration;
			buildSettings = {
				ALWAYS_SEARCH_USER_PATHS = NO;
				CLANG_ANALYZER_NONNULL = YES;
				CLANG_ANALYZER_NUMBER_OBJECT_CONVERSION = YES_AGGRESSIVE;
				CLANG_CXX_LANGUAGE_STANDARD = "gnu++14";
				CLANG_CXX_LIBRARY = "libc++";
				CLANG_ENABLE_MODULES = YES;
				CLANG_ENABLE_OBJC_ARC = YES;
				CLANG_ENABLE_OBJC_WEAK = YES;
				CLANG_WARN_BLOCK_CAPTURE_AUTORELEASING = YES;
				CLANG_WARN_BOOL_CONVERSION = YES;
				CLANG_WARN_COMMA = YES;
				CLANG_WARN_CONSTANT_CONVERSION = YES;
				CLANG_WARN_DEPRECATED_OBJC_IMPLEMENTATIONS = YES;
				CLANG_WARN_DIRECT_OBJC_ISA_USAGE = YES_ERROR;
				CLANG_WARN_DOCUMENTATION_COMMENTS = YES;
				CLANG_WARN_EMPTY_BODY = YES;
				CLANG_WARN_ENUM_CONVERSION = YES;
				CLANG_WARN_INFINITE_RECURSION = YES;
				CLANG_WARN_INT_CONVERSION = YES;
				CLANG_WARN_NON_LITERAL_NULL_CONVERSION = YES;
				CLANG_WARN_OBJC_IMPLICIT_RETAIN_SELF = YES;
				CLANG_WARN_OBJC_LITERAL_CONVERSION = YES;
				CLANG_WARN_OBJC_ROOT_CLASS = YES_ERROR;
				CLANG_WARN_RANGE_LOOP_ANALYSIS = YES;
				CLANG_WARN_STRICT_PROTOTYPES = YES;
				CLANG_WARN_SUSPICIOUS_MOVE = YES;
				CLANG_WARN_UNGUARDED_AVAILABILITY = YES_AGGRESSIVE;
				CLANG_WARN_UNREACHABLE_CODE = YES;
				CLANG_WARN__DUPLICATE_METHOD_MATCH = YES;
				CODE_SIGN_IDENTITY = "iPhone Developer";
				COPY_PHASE_STRIP = NO;
				DEBUG_INFORMATION_FORMAT = dwarf;
				ENABLE_STRICT_OBJC_MSGSEND = YES;
				ENABLE_TESTABILITY = YES;
				GCC_C_LANGUAGE_STANDARD = gnu11;
				GCC_DYNAMIC_NO_PIC = NO;
				GCC_NO_COMMON_BLOCKS = YES;
				GCC_OPTIMIZATION_LEVEL = 0;
				GCC_PREPROCESSOR_DEFINITIONS = (
					"DEBUG=1",
					"$(inherited)",
				);
				GCC_WARN_64_TO_32_BIT_CONVERSION = YES;
				GCC_WARN_ABOUT_RETURN_TYPE = YES_ERROR;
				GCC_WARN_UNDECLARED_SELECTOR = YES;
				GCC_WARN_UNINITIALIZED_AUTOS = YES_AGGRESSIVE;
				GCC_WARN_UNUSED_FUNCTION = YES;
				GCC_WARN_UNUSED_VARIABLE = YES;
				IPHONEOS_DEPLOYMENT_TARGET = 12.0;
				MTL_ENABLE_DEBUG_INFO = INCLUDE_SOURCE;
				MTL_FAST_MATH = YES;
				ONLY_ACTIVE_ARCH = YES;
				SDKROOT = iphoneos;
				SWIFT_ACTIVE_COMPILATION_CONDITIONS = DEBUG;
				SWIFT_OPTIMIZATION_LEVEL = "-Onone";
			};
			name = Debug;
		};
		DAE6520C217A7055001E6A16 /* Release */ = {
			isa = XCBuildConfiguration;
			buildSettings = {
				ALWAYS_SEARCH_USER_PATHS = NO;
				CLANG_ANALYZER_NONNULL = YES;
				CLANG_ANALYZER_NUMBER_OBJECT_CONVERSION = YES_AGGRESSIVE;
				CLANG_CXX_LANGUAGE_STANDARD = "gnu++14";
				CLANG_CXX_LIBRARY = "libc++";
				CLANG_ENABLE_MODULES = YES;
				CLANG_ENABLE_OBJC_ARC = YES;
				CLANG_ENABLE_OBJC_WEAK = YES;
				CLANG_WARN_BLOCK_CAPTURE_AUTORELEASING = YES;
				CLANG_WARN_BOOL_CONVERSION = YES;
				CLANG_WARN_COMMA = YES;
				CLANG_WARN_CONSTANT_CONVERSION = YES;
				CLANG_WARN_DEPRECATED_OBJC_IMPLEMENTATIONS = YES;
				CLANG_WARN_DIRECT_OBJC_ISA_USAGE = YES_ERROR;
				CLANG_WARN_DOCUMENTATION_COMMENTS = YES;
				CLANG_WARN_EMPTY_BODY = YES;
				CLANG_WARN_ENUM_CONVERSION = YES;
				CLANG_WARN_INFINITE_RECURSION = YES;
				CLANG_WARN_INT_CONVERSION = YES;
				CLANG_WARN_NON_LITERAL_NULL_CONVERSION = YES;
				CLANG_WARN_OBJC_IMPLICIT_RETAIN_SELF = YES;
				CLANG_WARN_OBJC_LITERAL_CONVERSION = YES;
				CLANG_WARN_OBJC_ROOT_CLASS = YES_ERROR;
				CLANG_WARN_RANGE_LOOP_ANALYSIS = YES;
				CLANG_WARN_STRICT_PROTOTYPES = YES;
				CLANG_WARN_SUSPICIOUS_MOVE = YES;
				CLANG_WARN_UNGUARDED_AVAILABILITY = YES_AGGRESSIVE;
				CLANG_WARN_UNREACHABLE_CODE = YES;
				CLANG_WARN__DUPLICATE_METHOD_MATCH = YES;
				CODE_SIGN_IDENTITY = "iPhone Developer";
				COPY_PHASE_STRIP = NO;
				DEBUG_INFORMATION_FORMAT = "dwarf-with-dsym";
				ENABLE_NS_ASSERTIONS = NO;
				ENABLE_STRICT_OBJC_MSGSEND = YES;
				GCC_C_LANGUAGE_STANDARD = gnu11;
				GCC_NO_COMMON_BLOCKS = YES;
				GCC_WARN_64_TO_32_BIT_CONVERSION = YES;
				GCC_WARN_ABOUT_RETURN_TYPE = YES_ERROR;
				GCC_WARN_UNDECLARED_SELECTOR = YES;
				GCC_WARN_UNINITIALIZED_AUTOS = YES_AGGRESSIVE;
				GCC_WARN_UNUSED_FUNCTION = YES;
				GCC_WARN_UNUSED_VARIABLE = YES;
				IPHONEOS_DEPLOYMENT_TARGET = 12.0;
				MTL_ENABLE_DEBUG_INFO = NO;
				MTL_FAST_MATH = YES;
				SDKROOT = iphoneos;
				SWIFT_COMPILATION_MODE = wholemodule;
				SWIFT_OPTIMIZATION_LEVEL = "-O";
				VALIDATE_PRODUCT = YES;
			};
			name = Release;
		};
		DAE6520E217A7055001E6A16 /* Debug */ = {
			isa = XCBuildConfiguration;
			buildSettings = {
				ASSETCATALOG_COMPILER_APPICON_NAME = AppIcon;
				CODE_SIGN_STYLE = Automatic;
				DEVELOPMENT_TEAM = 9T98QB7DLD;
				INFOPLIST_FILE = "$(SRCROOT)/Info.plist";
				LD_RUNPATH_SEARCH_PATHS = (
					"$(inherited)",
					"@executable_path/Frameworks",
				);
				PRODUCT_BUNDLE_IDENTIFIER = com.Paul.CloudConnect;
				PRODUCT_NAME = "$(TARGET_NAME)";
				SWIFT_VERSION = 4.2;
				TARGETED_DEVICE_FAMILY = "1,2";
			};
			name = Debug;
		};
		DAE6520F217A7055001E6A16 /* Release */ = {
			isa = XCBuildConfiguration;
			buildSettings = {
				ASSETCATALOG_COMPILER_APPICON_NAME = AppIcon;
				CODE_SIGN_STYLE = Automatic;
				DEVELOPMENT_TEAM = 9T98QB7DLD;
				INFOPLIST_FILE = "$(SRCROOT)/Info.plist";
				LD_RUNPATH_SEARCH_PATHS = (
					"$(inherited)",
					"@executable_path/Frameworks",
				);
				PRODUCT_BUNDLE_IDENTIFIER = com.Paul.CloudConnect;
				PRODUCT_NAME = "$(TARGET_NAME)";
				SWIFT_VERSION = 4.2;
				TARGETED_DEVICE_FAMILY = "1,2";
			};
			name = Release;
		};
/* End XCBuildConfiguration section */

/* Begin XCConfigurationList section */
		DAE651F6217A7053001E6A16 /* Build configuration list for PBXProject "CloudConnect" */ = {
			isa = XCConfigurationList;
			buildConfigurations = (
				DAE6520B217A7055001E6A16 /* Debug */,
				DAE6520C217A7055001E6A16 /* Release */,
			);
			defaultConfigurationIsVisible = 0;
			defaultConfigurationName = Release;
		};
		DAE6520D217A7055001E6A16 /* Build configuration list for PBXNativeTarget "CloudConnect" */ = {
			isa = XCConfigurationList;
			buildConfigurations = (
				DAE6520E217A7055001E6A16 /* Debug */,
				DAE6520F217A7055001E6A16 /* Release */,
			);
			defaultConfigurationIsVisible = 0;
			defaultConfigurationName = Release;
		};
/* End XCConfigurationList section */
	};
	rootObject = DAE651F3217A7053001E6A16 /* Project object */;
}
